// !$*UTF8*$!
{
	archiveVersion = 1;
	classes = {
	};
	objectVersion = 51;
	objects = {

/* Begin PBXBuildFile section */
		45AFA65BF8AE65A6DFE6D76F /* Pods_AmplifyDaysPhoto.framework in Frameworks */ = {isa = PBXBuildFile; fileRef = C18973D3A4714E1D6763A1EC /* Pods_AmplifyDaysPhoto.framework */; };
		9E26E24D24BECC1F00037412 /* AmplifyDaysPhotoApp.swift in Sources */ = {isa = PBXBuildFile; fileRef = 9E26E24C24BECC1F00037412 /* AmplifyDaysPhotoApp.swift */; };
		9E26E25124BECC2000037412 /* Assets.xcassets in Resources */ = {isa = PBXBuildFile; fileRef = 9E26E25024BECC2000037412 /* Assets.xcassets */; };
		9E26E25424BECC2000037412 /* Preview Assets.xcassets in Resources */ = {isa = PBXBuildFile; fileRef = 9E26E25324BECC2000037412 /* Preview Assets.xcassets */; };
		9E26E25E24BED81700037412 /* awsconfiguration.json in Resources */ = {isa = PBXBuildFile; fileRef = 9E26E25C24BED81700037412 /* awsconfiguration.json */; };
		9E26E25F24BED81700037412 /* amplifyconfiguration.json in Resources */ = {isa = PBXBuildFile; fileRef = 9E26E25D24BED81700037412 /* amplifyconfiguration.json */; };
		9E26E26124BED83700037412 /* AuthView.swift in Sources */ = {isa = PBXBuildFile; fileRef = 9E26E26024BED83700037412 /* AuthView.swift */; };
		9E26E26524BEDCFC00037412 /* PhotoPicker.swift in Sources */ = {isa = PBXBuildFile; fileRef = 9E26E26424BEDCFC00037412 /* PhotoPicker.swift */; };
		9E26E26724BEDD3200037412 /* ImageLoader.swift in Sources */ = {isa = PBXBuildFile; fileRef = 9E26E26624BEDD3200037412 /* ImageLoader.swift */; };
		9E26E26924BEDD4D00037412 /* ImageCache.swift in Sources */ = {isa = PBXBuildFile; fileRef = 9E26E26824BEDD4D00037412 /* ImageCache.swift */; };
		9E26E26B24BEDD8400037412 /* AsyncImage.swift in Sources */ = {isa = PBXBuildFile; fileRef = 9E26E26A24BEDD8400037412 /* AsyncImage.swift */; };
		9E26E27324BEDDDD00037412 /* Photo+Schema.swift in Sources */ = {isa = PBXBuildFile; fileRef = 9E26E26E24BEDDDD00037412 /* Photo+Schema.swift */; };
		9E26E27424BEDDDD00037412 /* Photo.swift in Sources */ = {isa = PBXBuildFile; fileRef = 9E26E26F24BEDDDD00037412 /* Photo.swift */; };
		9E26E27524BEDDDD00037412 /* AmplifyModels.swift in Sources */ = {isa = PBXBuildFile; fileRef = 9E26E27024BEDDDD00037412 /* AmplifyModels.swift */; };
		9E26E27824BEE8B300037412 /* Photo+Extensions.swift in Sources */ = {isa = PBXBuildFile; fileRef = 9E26E27724BEE8B300037412 /* Photo+Extensions.swift */; };
		9EFEBF9624C0C4E400A2AD65 /* NewPhotoButton.swift in Sources */ = {isa = PBXBuildFile; fileRef = 9EFEBF9524C0C4E400A2AD65 /* NewPhotoButton.swift */; };
		9EFEBF9824C0C55200A2AD65 /* PhotosGrid.swift in Sources */ = {isa = PBXBuildFile; fileRef = 9EFEBF9724C0C55200A2AD65 /* PhotosGrid.swift */; };
		9EFEBF9A24C0C59300A2AD65 /* FeaturedView.swift in Sources */ = {isa = PBXBuildFile; fileRef = 9EFEBF9924C0C59300A2AD65 /* FeaturedView.swift */; };
		9EFEBF9D24C0D67000A2AD65 /* GalleryView.swift in Sources */ = {isa = PBXBuildFile; fileRef = 9EFEBF9C24C0D67000A2AD65 /* GalleryView.swift */; };
/* End PBXBuildFile section */

/* Begin PBXFileReference section */
		244DEB3891E3B8613DC8A5AD /* Pods-AmplifyDaysPhoto.release.xcconfig */ = {isa = PBXFileReference; includeInIndex = 1; lastKnownFileType = text.xcconfig; name = "Pods-AmplifyDaysPhoto.release.xcconfig"; path = "Target Support Files/Pods-AmplifyDaysPhoto/Pods-AmplifyDaysPhoto.release.xcconfig"; sourceTree = "<group>"; };
		815CB0D856904552A82F922B /* schema.graphql */ = {isa = PBXFileReference; explicitFileType = undefined; fileEncoding = 4; includeInIndex = 0; lastKnownFileType = text; name = schema.graphql; path = amplify/backend/api/amplifydaysphoto/schema.graphql; sourceTree = "<group>"; };
		9952E523F917461794F88CF2 /* amplifytools.xcconfig */ = {isa = PBXFileReference; explicitFileType = undefined; fileEncoding = 4; includeInIndex = 0; lastKnownFileType = text.xcconfig; path = amplifytools.xcconfig; sourceTree = "<group>"; };
		9E26E24924BECC1F00037412 /* AmplifyDaysPhoto.app */ = {isa = PBXFileReference; explicitFileType = wrapper.application; includeInIndex = 0; path = AmplifyDaysPhoto.app; sourceTree = BUILT_PRODUCTS_DIR; };
		9E26E24C24BECC1F00037412 /* AmplifyDaysPhotoApp.swift */ = {isa = PBXFileReference; lastKnownFileType = sourcecode.swift; path = AmplifyDaysPhotoApp.swift; sourceTree = "<group>"; };
		9E26E25024BECC2000037412 /* Assets.xcassets */ = {isa = PBXFileReference; lastKnownFileType = folder.assetcatalog; path = Assets.xcassets; sourceTree = "<group>"; };
		9E26E25324BECC2000037412 /* Preview Assets.xcassets */ = {isa = PBXFileReference; lastKnownFileType = folder.assetcatalog; path = "Preview Assets.xcassets"; sourceTree = "<group>"; };
		9E26E25524BECC2000037412 /* Info.plist */ = {isa = PBXFileReference; lastKnownFileType = text.plist.xml; path = Info.plist; sourceTree = "<group>"; };
		9E26E25C24BED81700037412 /* awsconfiguration.json */ = {isa = PBXFileReference; fileEncoding = 4; lastKnownFileType = text.json; path = awsconfiguration.json; sourceTree = SOURCE_ROOT; };
		9E26E25D24BED81700037412 /* amplifyconfiguration.json */ = {isa = PBXFileReference; fileEncoding = 4; lastKnownFileType = text.json; path = amplifyconfiguration.json; sourceTree = SOURCE_ROOT; };
		9E26E26024BED83700037412 /* AuthView.swift */ = {isa = PBXFileReference; lastKnownFileType = sourcecode.swift; path = AuthView.swift; sourceTree = "<group>"; };
		9E26E26424BEDCFC00037412 /* PhotoPicker.swift */ = {isa = PBXFileReference; lastKnownFileType = sourcecode.swift; path = PhotoPicker.swift; sourceTree = "<group>"; };
		9E26E26624BEDD3200037412 /* ImageLoader.swift */ = {isa = PBXFileReference; lastKnownFileType = sourcecode.swift; path = ImageLoader.swift; sourceTree = "<group>"; };
		9E26E26824BEDD4D00037412 /* ImageCache.swift */ = {isa = PBXFileReference; lastKnownFileType = sourcecode.swift; path = ImageCache.swift; sourceTree = "<group>"; };
		9E26E26A24BEDD8400037412 /* AsyncImage.swift */ = {isa = PBXFileReference; lastKnownFileType = sourcecode.swift; path = AsyncImage.swift; sourceTree = "<group>"; };
		9E26E26E24BEDDDD00037412 /* Photo+Schema.swift */ = {isa = PBXFileReference; fileEncoding = 4; lastKnownFileType = sourcecode.swift; name = "Photo+Schema.swift"; path = "amplify/generated/models/Photo+Schema.swift"; sourceTree = SOURCE_ROOT; };
		9E26E26F24BEDDDD00037412 /* Photo.swift */ = {isa = PBXFileReference; fileEncoding = 4; lastKnownFileType = sourcecode.swift; name = Photo.swift; path = amplify/generated/models/Photo.swift; sourceTree = SOURCE_ROOT; };
		9E26E27024BEDDDD00037412 /* AmplifyModels.swift */ = {isa = PBXFileReference; fileEncoding = 4; lastKnownFileType = sourcecode.swift; name = AmplifyModels.swift; path = amplify/generated/models/AmplifyModels.swift; sourceTree = SOURCE_ROOT; };
		9E26E27724BEE8B300037412 /* Photo+Extensions.swift */ = {isa = PBXFileReference; lastKnownFileType = sourcecode.swift; path = "Photo+Extensions.swift"; sourceTree = "<group>"; };
		9EFEBF9524C0C4E400A2AD65 /* NewPhotoButton.swift */ = {isa = PBXFileReference; lastKnownFileType = sourcecode.swift; path = NewPhotoButton.swift; sourceTree = "<group>"; };
		9EFEBF9724C0C55200A2AD65 /* PhotosGrid.swift */ = {isa = PBXFileReference; lastKnownFileType = sourcecode.swift; path = PhotosGrid.swift; sourceTree = "<group>"; };
		9EFEBF9924C0C59300A2AD65 /* FeaturedView.swift */ = {isa = PBXFileReference; lastKnownFileType = sourcecode.swift; path = FeaturedView.swift; sourceTree = "<group>"; };
		9EFEBF9C24C0D67000A2AD65 /* GalleryView.swift */ = {isa = PBXFileReference; lastKnownFileType = sourcecode.swift; path = GalleryView.swift; sourceTree = "<group>"; };
		C18973D3A4714E1D6763A1EC /* Pods_AmplifyDaysPhoto.framework */ = {isa = PBXFileReference; explicitFileType = wrapper.framework; includeInIndex = 0; path = Pods_AmplifyDaysPhoto.framework; sourceTree = BUILT_PRODUCTS_DIR; };
		DA17D3D186468F92095F97E3 /* Pods-AmplifyDaysPhoto.debug.xcconfig */ = {isa = PBXFileReference; includeInIndex = 1; lastKnownFileType = text.xcconfig; name = "Pods-AmplifyDaysPhoto.debug.xcconfig"; path = "Target Support Files/Pods-AmplifyDaysPhoto/Pods-AmplifyDaysPhoto.debug.xcconfig"; sourceTree = "<group>"; };
/* End PBXFileReference section */

/* Begin PBXFrameworksBuildPhase section */
		9E26E24624BECC1F00037412 /* Frameworks */ = {
			isa = PBXFrameworksBuildPhase;
			buildActionMask = 2147483647;
			files = (
				45AFA65BF8AE65A6DFE6D76F /* Pods_AmplifyDaysPhoto.framework in Frameworks */,
			);
			runOnlyForDeploymentPostprocessing = 0;
		};
/* End PBXFrameworksBuildPhase section */

/* Begin PBXGroup section */
		3853D325356F4B59A9BCD95C /* AmplifyConfig */ = {
			isa = PBXGroup;
			children = (
				9952E523F917461794F88CF2 /* amplifytools.xcconfig */,
				9E26E25D24BED81700037412 /* amplifyconfiguration.json */,
				9E26E25C24BED81700037412 /* awsconfiguration.json */,
				815CB0D856904552A82F922B /* schema.graphql */,
			);
			name = AmplifyConfig;
			path = .;
			sourceTree = "<group>";
		};
		77E14D13E4297163F204F4A4 /* Frameworks */ = {
			isa = PBXGroup;
			children = (
				C18973D3A4714E1D6763A1EC /* Pods_AmplifyDaysPhoto.framework */,
			);
			name = Frameworks;
			sourceTree = "<group>";
		};
		8DBAF0B5ABC57B72D7E0CEFD /* Pods */ = {
			isa = PBXGroup;
			children = (
				DA17D3D186468F92095F97E3 /* Pods-AmplifyDaysPhoto.debug.xcconfig */,
				244DEB3891E3B8613DC8A5AD /* Pods-AmplifyDaysPhoto.release.xcconfig */,
			);
			path = Pods;
			sourceTree = "<group>";
		};
		9E26E24024BECC1E00037412 = {
			isa = PBXGroup;
			children = (
				3853D325356F4B59A9BCD95C /* AmplifyConfig */,
				9E26E26C24BEDDB800037412 /* AmplifyModels */,
				9E26E24B24BECC1F00037412 /* AmplifyDaysPhoto */,
				9E26E24A24BECC1F00037412 /* Products */,
				8DBAF0B5ABC57B72D7E0CEFD /* Pods */,
				77E14D13E4297163F204F4A4 /* Frameworks */,
			);
			sourceTree = "<group>";
		};
		9E26E24A24BECC1F00037412 /* Products */ = {
			isa = PBXGroup;
			children = (
				9E26E24924BECC1F00037412 /* AmplifyDaysPhoto.app */,
			);
			name = Products;
			sourceTree = "<group>";
		};
		9E26E24B24BECC1F00037412 /* AmplifyDaysPhoto */ = {
			isa = PBXGroup;
			children = (
				9E26E25024BECC2000037412 /* Assets.xcassets */,
				9E26E25524BECC2000037412 /* Info.plist */,
				9E26E25224BECC2000037412 /* Preview Content */,
				9EFEBF9B24C0C64100A2AD65 /* Helpers */,
				9E26E27724BEE8B300037412 /* Photo+Extensions.swift */,
				9E26E24C24BECC1F00037412 /* AmplifyDaysPhotoApp.swift */,
				9E26E26024BED83700037412 /* AuthView.swift */,
				9E26E26624BEDD3200037412 /* ImageLoader.swift */,
				9EFEBF9C24C0D67000A2AD65 /* GalleryView.swift */,
			);
			path = AmplifyDaysPhoto;
			sourceTree = "<group>";
		};
		9E26E25224BECC2000037412 /* Preview Content */ = {
			isa = PBXGroup;
			children = (
				9E26E25324BECC2000037412 /* Preview Assets.xcassets */,
			);
			path = "Preview Content";
			sourceTree = "<group>";
		};
		9E26E26C24BEDDB800037412 /* AmplifyModels */ = {
			isa = PBXGroup;
			children = (
				9E26E27024BEDDDD00037412 /* AmplifyModels.swift */,
				9E26E26F24BEDDDD00037412 /* Photo.swift */,
				9E26E26E24BEDDDD00037412 /* Photo+Schema.swift */,
			);
			path = AmplifyModels;
			sourceTree = "<group>";
		};
		9EFEBF9B24C0C64100A2AD65 /* Helpers */ = {
			isa = PBXGroup;
			children = (
				9EFEBF9924C0C59300A2AD65 /* FeaturedView.swift */,
				9EFEBF9524C0C4E400A2AD65 /* NewPhotoButton.swift */,
				9E26E26A24BEDD8400037412 /* AsyncImage.swift */,
				9EFEBF9724C0C55200A2AD65 /* PhotosGrid.swift */,
				9E26E26424BEDCFC00037412 /* PhotoPicker.swift */,
				9E26E26824BEDD4D00037412 /* ImageCache.swift */,
			);
			path = Helpers;
			sourceTree = "<group>";
		};
/* End PBXGroup section */

/* Begin PBXNativeTarget section */
		9E26E24824BECC1F00037412 /* AmplifyDaysPhoto */ = {
			isa = PBXNativeTarget;
			buildConfigurationList = 9E26E25824BECC2000037412 /* Build configuration list for PBXNativeTarget "AmplifyDaysPhoto" */;
			buildPhases = (
				5BC28628DC0BA6B20289D141 /* [CP] Check Pods Manifest.lock */,
				9E26E24524BECC1F00037412 /* Sources */,
				9E26E24624BECC1F00037412 /* Frameworks */,
				9E26E24724BECC1F00037412 /* Resources */,
				B6BE60932221A5C1A305E108 /* [CP] Embed Pods Frameworks */,
			);
			buildRules = (
			);
			dependencies = (
			);
			name = AmplifyDaysPhoto;
			productName = AmplifyDaysPhoto;
			productReference = 9E26E24924BECC1F00037412 /* AmplifyDaysPhoto.app */;
			productType = "com.apple.product-type.application";
		};
/* End PBXNativeTarget section */

/* Begin PBXProject section */
		9E26E24124BECC1E00037412 /* Project object */ = {
			isa = PBXProject;
			attributes = {
				LastSwiftUpdateCheck = 1200;
				LastUpgradeCheck = 1200;
				TargetAttributes = {
					9E26E24824BECC1F00037412 = {
						CreatedOnToolsVersion = 12.0;
					};
				};
			};
			buildConfigurationList = 9E26E24424BECC1E00037412 /* Build configuration list for PBXProject "AmplifyDaysPhoto" */;
			compatibilityVersion = "Xcode 9.3";
			developmentRegion = en;
			hasScannedForEncodings = 0;
			knownRegions = (
				en,
				Base,
			);
			mainGroup = 9E26E24024BECC1E00037412;
			productRefGroup = 9E26E24A24BECC1F00037412 /* Products */;
			projectDirPath = "";
			projectRoot = "";
			targets = (
				9E26E24824BECC1F00037412 /* AmplifyDaysPhoto */,
			);
		};
/* End PBXProject section */

/* Begin PBXResourcesBuildPhase section */
		9E26E24724BECC1F00037412 /* Resources */ = {
			isa = PBXResourcesBuildPhase;
			buildActionMask = 2147483647;
			files = (
				9E26E25424BECC2000037412 /* Preview Assets.xcassets in Resources */,
				9E26E25124BECC2000037412 /* Assets.xcassets in Resources */,
				9E26E25E24BED81700037412 /* awsconfiguration.json in Resources */,
				9E26E25F24BED81700037412 /* amplifyconfiguration.json in Resources */,
			);
			runOnlyForDeploymentPostprocessing = 0;
		};
/* End PBXResourcesBuildPhase section */

/* Begin PBXShellScriptBuildPhase section */
		5BC28628DC0BA6B20289D141 /* [CP] Check Pods Manifest.lock */ = {
			isa = PBXShellScriptBuildPhase;
			buildActionMask = 2147483647;
			files = (
			);
			inputFileListPaths = (
			);
			inputPaths = (
				"${PODS_PODFILE_DIR_PATH}/Podfile.lock",
				"${PODS_ROOT}/Manifest.lock",
			);
			name = "[CP] Check Pods Manifest.lock";
			outputFileListPaths = (
			);
			outputPaths = (
				"$(DERIVED_FILE_DIR)/Pods-AmplifyDaysPhoto-checkManifestLockResult.txt",
			);
			runOnlyForDeploymentPostprocessing = 0;
			shellPath = /bin/sh;
			shellScript = "diff \"${PODS_PODFILE_DIR_PATH}/Podfile.lock\" \"${PODS_ROOT}/Manifest.lock\" > /dev/null\nif [ $? != 0 ] ; then\n    # print error to STDERR\n    echo \"error: The sandbox is not in sync with the Podfile.lock. Run 'pod install' or update your CocoaPods installation.\" >&2\n    exit 1\nfi\n# This output is used by Xcode 'outputs' to avoid re-running this script phase.\necho \"SUCCESS\" > \"${SCRIPT_OUTPUT_FILE_0}\"\n";
			showEnvVarsInLog = 0;
		};
		B6BE60932221A5C1A305E108 /* [CP] Embed Pods Frameworks */ = {
			isa = PBXShellScriptBuildPhase;
			buildActionMask = 2147483647;
			files = (
			);
			inputFileListPaths = (
				"${PODS_ROOT}/Target Support Files/Pods-AmplifyDaysPhoto/Pods-AmplifyDaysPhoto-frameworks-${CONFIGURATION}-input-files.xcfilelist",
			);
			name = "[CP] Embed Pods Frameworks";
			outputFileListPaths = (
				"${PODS_ROOT}/Target Support Files/Pods-AmplifyDaysPhoto/Pods-AmplifyDaysPhoto-frameworks-${CONFIGURATION}-output-files.xcfilelist",
			);
			runOnlyForDeploymentPostprocessing = 0;
			shellPath = /bin/sh;
			shellScript = "\"${PODS_ROOT}/Target Support Files/Pods-AmplifyDaysPhoto/Pods-AmplifyDaysPhoto-frameworks.sh\"\n";
			showEnvVarsInLog = 0;
		};
/* End PBXShellScriptBuildPhase section */

/* Begin PBXSourcesBuildPhase section */
		9E26E24524BECC1F00037412 /* Sources */ = {
			isa = PBXSourcesBuildPhase;
			buildActionMask = 2147483647;
			files = (
				9E26E26B24BEDD8400037412 /* AsyncImage.swift in Sources */,
				9E26E26924BEDD4D00037412 /* ImageCache.swift in Sources */,
				9EFEBF9824C0C55200A2AD65 /* PhotosGrid.swift in Sources */,
				9E26E26524BEDCFC00037412 /* PhotoPicker.swift in Sources */,
				9EFEBF9A24C0C59300A2AD65 /* FeaturedView.swift in Sources */,
				9EFEBF9624C0C4E400A2AD65 /* NewPhotoButton.swift in Sources */,
				9E26E27424BEDDDD00037412 /* Photo.swift in Sources */,
				9EFEBF9D24C0D67000A2AD65 /* GalleryView.swift in Sources */,
				9E26E24D24BECC1F00037412 /* AmplifyDaysPhotoApp.swift in Sources */,
				9E26E27324BEDDDD00037412 /* Photo+Schema.swift in Sources */,
				9E26E27524BEDDDD00037412 /* AmplifyModels.swift in Sources */,
				9E26E26724BEDD3200037412 /* ImageLoader.swift in Sources */,
				9E26E26124BED83700037412 /* AuthView.swift in Sources */,
				9E26E27824BEE8B300037412 /* Photo+Extensions.swift in Sources */,
			);
			runOnlyForDeploymentPostprocessing = 0;
		};
/* End PBXSourcesBuildPhase section */

/* Begin XCBuildConfiguration section */
		9E26E25624BECC2000037412 /* Debug */ = {
			isa = XCBuildConfiguration;
			buildSettings = {
				ALWAYS_SEARCH_USER_PATHS = NO;
				CLANG_ANALYZER_NONNULL = YES;
				CLANG_ANALYZER_NUMBER_OBJECT_CONVERSION = YES_AGGRESSIVE;
				CLANG_CXX_LANGUAGE_STANDARD = "gnu++14";
				CLANG_CXX_LIBRARY = "libc++";
				CLANG_ENABLE_MODULES = YES;
				CLANG_ENABLE_OBJC_ARC = YES;
				CLANG_ENABLE_OBJC_WEAK = YES;
				CLANG_WARN_BLOCK_CAPTURE_AUTORELEASING = YES;
				CLANG_WARN_BOOL_CONVERSION = YES;
				CLANG_WARN_COMMA = YES;
				CLANG_WARN_CONSTANT_CONVERSION = YES;
				CLANG_WARN_DEPRECATED_OBJC_IMPLEMENTATIONS = YES;
				CLANG_WARN_DIRECT_OBJC_ISA_USAGE = YES_ERROR;
				CLANG_WARN_DOCUMENTATION_COMMENTS = YES;
				CLANG_WARN_EMPTY_BODY = YES;
				CLANG_WARN_ENUM_CONVERSION = YES;
				CLANG_WARN_INFINITE_RECURSION = YES;
				CLANG_WARN_INT_CONVERSION = YES;
				CLANG_WARN_NON_LITERAL_NULL_CONVERSION = YES;
				CLANG_WARN_OBJC_IMPLICIT_RETAIN_SELF = YES;
				CLANG_WARN_OBJC_LITERAL_CONVERSION = YES;
				CLANG_WARN_OBJC_ROOT_CLASS = YES_ERROR;
				CLANG_WARN_QUOTED_INCLUDE_IN_FRAMEWORK_HEADER = YES;
				CLANG_WARN_RANGE_LOOP_ANALYSIS = YES;
				CLANG_WARN_STRICT_PROTOTYPES = YES;
				CLANG_WARN_SUSPICIOUS_MOVE = YES;
				CLANG_WARN_UNGUARDED_AVAILABILITY = YES_AGGRESSIVE;
				CLANG_WARN_UNREACHABLE_CODE = YES;
				CLANG_WARN__DUPLICATE_METHOD_MATCH = YES;
				COPY_PHASE_STRIP = NO;
				DEBUG_INFORMATION_FORMAT = dwarf;
				ENABLE_STRICT_OBJC_MSGSEND = YES;
				ENABLE_TESTABILITY = YES;
				GCC_C_LANGUAGE_STANDARD = gnu11;
				GCC_DYNAMIC_NO_PIC = NO;
				GCC_NO_COMMON_BLOCKS = YES;
				GCC_OPTIMIZATION_LEVEL = 0;
				GCC_PREPROCESSOR_DEFINITIONS = (
					"DEBUG=1",
					"$(inherited)",
				);
				GCC_WARN_64_TO_32_BIT_CONVERSION = YES;
				GCC_WARN_ABOUT_RETURN_TYPE = YES_ERROR;
				GCC_WARN_UNDECLARED_SELECTOR = YES;
				GCC_WARN_UNINITIALIZED_AUTOS = YES_AGGRESSIVE;
				GCC_WARN_UNUSED_FUNCTION = YES;
				GCC_WARN_UNUSED_VARIABLE = YES;
				IPHONEOS_DEPLOYMENT_TARGET = 14.0;
				MTL_ENABLE_DEBUG_INFO = INCLUDE_SOURCE;
				MTL_FAST_MATH = YES;
				ONLY_ACTIVE_ARCH = YES;
				SDKROOT = iphoneos;
				SWIFT_ACTIVE_COMPILATION_CONDITIONS = DEBUG;
				SWIFT_OPTIMIZATION_LEVEL = "-Onone";
			};
			name = Debug;
		};
		9E26E25724BECC2000037412 /* Release */ = {
			isa = XCBuildConfiguration;
			buildSettings = {
				ALWAYS_SEARCH_USER_PATHS = NO;
				CLANG_ANALYZER_NONNULL = YES;
				CLANG_ANALYZER_NUMBER_OBJECT_CONVERSION = YES_AGGRESSIVE;
				CLANG_CXX_LANGUAGE_STANDARD = "gnu++14";
				CLANG_CXX_LIBRARY = "libc++";
				CLANG_ENABLE_MODULES = YES;
				CLANG_ENABLE_OBJC_ARC = YES;
				CLANG_ENABLE_OBJC_WEAK = YES;
				CLANG_WARN_BLOCK_CAPTURE_AUTORELEASING = YES;
				CLANG_WARN_BOOL_CONVERSION = YES;
				CLANG_WARN_COMMA = YES;
				CLANG_WARN_CONSTANT_CONVERSION = YES;
				CLANG_WARN_DEPRECATED_OBJC_IMPLEMENTATIONS = YES;
				CLANG_WARN_DIRECT_OBJC_ISA_USAGE = YES_ERROR;
				CLANG_WARN_DOCUMENTATION_COMMENTS = YES;
				CLANG_WARN_EMPTY_BODY = YES;
				CLANG_WARN_ENUM_CONVERSION = YES;
				CLANG_WARN_INFINITE_RECURSION = YES;
				CLANG_WARN_INT_CONVERSION = YES;
				CLANG_WARN_NON_LITERAL_NULL_CONVERSION = YES;
				CLANG_WARN_OBJC_IMPLICIT_RETAIN_SELF = YES;
				CLANG_WARN_OBJC_LITERAL_CONVERSION = YES;
				CLANG_WARN_OBJC_ROOT_CLASS = YES_ERROR;
				CLANG_WARN_QUOTED_INCLUDE_IN_FRAMEWORK_HEADER = YES;
				CLANG_WARN_RANGE_LOOP_ANALYSIS = YES;
				CLANG_WARN_STRICT_PROTOTYPES = YES;
				CLANG_WARN_SUSPICIOUS_MOVE = YES;
				CLANG_WARN_UNGUARDED_AVAILABILITY = YES_AGGRESSIVE;
				CLANG_WARN_UNREACHABLE_CODE = YES;
				CLANG_WARN__DUPLICATE_METHOD_MATCH = YES;
				COPY_PHASE_STRIP = NO;
				DEBUG_INFORMATION_FORMAT = "dwarf-with-dsym";
				ENABLE_NS_ASSERTIONS = NO;
				ENABLE_STRICT_OBJC_MSGSEND = YES;
				GCC_C_LANGUAGE_STANDARD = gnu11;
				GCC_NO_COMMON_BLOCKS = YES;
				GCC_WARN_64_TO_32_BIT_CONVERSION = YES;
				GCC_WARN_ABOUT_RETURN_TYPE = YES_ERROR;
				GCC_WARN_UNDECLARED_SELECTOR = YES;
				GCC_WARN_UNINITIALIZED_AUTOS = YES_AGGRESSIVE;
				GCC_WARN_UNUSED_FUNCTION = YES;
				GCC_WARN_UNUSED_VARIABLE = YES;
				IPHONEOS_DEPLOYMENT_TARGET = 14.0;
				MTL_ENABLE_DEBUG_INFO = NO;
				MTL_FAST_MATH = YES;
				SDKROOT = iphoneos;
				SWIFT_COMPILATION_MODE = wholemodule;
				SWIFT_OPTIMIZATION_LEVEL = "-O";
				VALIDATE_PRODUCT = YES;
			};
			name = Release;
		};
		9E26E25924BECC2000037412 /* Debug */ = {
			isa = XCBuildConfiguration;
			baseConfigurationReference = DA17D3D186468F92095F97E3 /* Pods-AmplifyDaysPhoto.debug.xcconfig */;
			buildSettings = {
				ASSETCATALOG_COMPILER_APPICON_NAME = AppIcon;
				ASSETCATALOG_COMPILER_GLOBAL_ACCENT_COLOR_NAME = AccentColor;
				CODE_SIGN_STYLE = Automatic;
				DEVELOPMENT_ASSET_PATHS = "\"AmplifyDaysPhoto/Preview Content\"";
				DEVELOPMENT_TEAM = 5K99777NES;
				ENABLE_PREVIEWS = YES;
				INFOPLIST_FILE = AmplifyDaysPhoto/Info.plist;
				IPHONEOS_DEPLOYMENT_TARGET = 14.0;
				LD_RUNPATH_SEARCH_PATHS = (
					"$(inherited)",
					"@executable_path/Frameworks",
				);
				PRODUCT_BUNDLE_IDENTIFIER = com.kiloloco.AmplifyDaysPhoto;
				PRODUCT_NAME = "$(TARGET_NAME)";
				SWIFT_VERSION = 5.0;
				TARGETED_DEVICE_FAMILY = "1,2";
			};
			name = Debug;
		};
		9E26E25A24BECC2000037412 /* Release */ = {
			isa = XCBuildConfiguration;
			baseConfigurationReference = 244DEB3891E3B8613DC8A5AD /* Pods-AmplifyDaysPhoto.release.xcconfig */;
			buildSettings = {
				ASSETCATALOG_COMPILER_APPICON_NAME = AppIcon;
				ASSETCATALOG_COMPILER_GLOBAL_ACCENT_COLOR_NAME = AccentColor;
				CODE_SIGN_STYLE = Automatic;
				DEVELOPMENT_ASSET_PATHS = "\"AmplifyDaysPhoto/Preview Content\"";
				DEVELOPMENT_TEAM = 5K99777NES;
				ENABLE_PREVIEWS = YES;
				INFOPLIST_FILE = AmplifyDaysPhoto/Info.plist;
				IPHONEOS_DEPLOYMENT_TARGET = 14.0;
				LD_RUNPATH_SEARCH_PATHS = (
					"$(inherited)",
					"@executable_path/Frameworks",
				);
				PRODUCT_BUNDLE_IDENTIFIER = com.kiloloco.AmplifyDaysPhoto;
				PRODUCT_NAME = "$(TARGET_NAME)";
				SWIFT_VERSION = 5.0;
				TARGETED_DEVICE_FAMILY = "1,2";
			};
			name = Release;
		};
/* End XCBuildConfiguration section */

/* Begin XCConfigurationList section */
		9E26E24424BECC1E00037412 /* Build configuration list for PBXProject "AmplifyDaysPhoto" */ = {
			isa = XCConfigurationList;
			buildConfigurations = (
				9E26E25624BECC2000037412 /* Debug */,
				9E26E25724BECC2000037412 /* Release */,
			);
			defaultConfigurationIsVisible = 0;
			defaultConfigurationName = Release;
		};
		9E26E25824BECC2000037412 /* Build configuration list for PBXNativeTarget "AmplifyDaysPhoto" */ = {
			isa = XCConfigurationList;
			buildConfigurations = (
				9E26E25924BECC2000037412 /* Debug */,
				9E26E25A24BECC2000037412 /* Release */,
			);
			defaultConfigurationIsVisible = 0;
			defaultConfigurationName = Release;
		};
/* End XCConfigurationList section */
	};
	rootObject = 9E26E24124BECC1E00037412 /* Project object */;
}
